
Microsoft Visual Studio Solution File, Format Version 12.00
# Visual Studio Version 17
VisualStudioVersion = 17.6.33815.320
MinimumVisualStudioVersion = 10.0.40219.1
Project("{FAE04EC0-301F-11D3-BF4B-00C04F79EFBC}") = "Regex", "Regex.csproj", "{4A473487-035A-4EC3-8849-ECCF1BF2982C}"
EndProject
Global
	GlobalSection(SolutionConfigurationPlatforms) = preSolution
		Debug|Any CPU = Debug|Any CPU
		Release|Any CPU = Release|Any CPU
	EndGlobalSection
	GlobalSection(ProjectConfigurationPlatforms) = postSolution
		{4A473487-035A-4EC3-8849-ECCF1BF2982C}.Debug|Any CPU.ActiveCfg = Debug|Any CPU
		{4A473487-035A-4EC3-8849-ECCF1BF2982C}.Debug|Any CPU.Build.0 = Debug|Any CPU
		{4A473487-035A-4EC3-8849-ECCF1BF2982C}.Release|Any CPU.ActiveCfg = Release|Any CPU
		{4A473487-035A-4EC3-8849-ECCF1BF2982C}.Release|Any CPU.Build.0 = Release|Any CPU
	EndGlobalSection
	GlobalSection(SolutionProperties) = preSolution
		HideSolutionNode = FALSE
	EndGlobalSection
	GlobalSection(ExtensibilityGlobals) = postSolution
		SolutionGuid = {1C528A3E-4CE4-4470-BFFC-D6681733D48C}
	EndGlobalSection
EndGlobal
